
Microsoft Visual Studio Solution File, Format Version 12.00
# Visual Studio 15
VisualStudioVersion = 15.0.27428.2027
MinimumVisualStudioVersion = 10.0.40219.1
Project("{FAE04EC0-301F-11D3-BF4B-00C04F79EFBC}") = "WPF5", "WPF5\WPF5.csproj", "{92F886BB-CD47-4DCB-8F52-AE01D7922362}"
EndProject
Global
	GlobalSection(SolutionConfigurationPlatforms) = preSolution
		Debug|Any CPU = Debug|Any CPU
		Release|Any CPU = Release|Any CPU
	EndGlobalSection
	GlobalSection(ProjectConfigurationPlatforms) = postSolution
		{92F886BB-CD47-4DCB-8F52-AE01D7922362}.Debug|Any CPU.ActiveCfg = Debug|Any CPU
		{92F886BB-CD47-4DCB-8F52-AE01D7922362}.Debug|Any CPU.Build.0 = Debug|Any CPU
		{92F886BB-CD47-4DCB-8F52-AE01D7922362}.Release|Any CPU.ActiveCfg = Release|Any CPU
		{92F886BB-CD47-4DCB-8F52-AE01D7922362}.Release|Any CPU.Build.0 = Release|Any CPU
	EndGlobalSection
	GlobalSection(SolutionProperties) = preSolution
		HideSolutionNode = FALSE
	EndGlobalSection
	GlobalSection(ExtensibilityGlobals) = postSolution
		SolutionGuid = {85627EA0-4AB4-4C2B-9BA1-E759C5243F9D}
	EndGlobalSection
EndGlobal
