
Microsoft Visual Studio Solution File, Format Version 12.00
# Visual Studio Version 16
VisualStudioVersion = 16.0.30804.86
MinimumVisualStudioVersion = 10.0.40219.1
Project("{FAE04EC0-301F-11D3-BF4B-00C04F79EFBC}") = "WPF5_UI", "WPF5_UI.csproj", "{34516C28-4213-4E4D-9AC4-F6726934C317}"
EndProject
Global
	GlobalSection(SolutionConfigurationPlatforms) = preSolution
		Debug|Any CPU = Debug|Any CPU
		Release|Any CPU = Release|Any CPU
	EndGlobalSection
	GlobalSection(ProjectConfigurationPlatforms) = postSolution
		{34516C28-4213-4E4D-9AC4-F6726934C317}.Debug|Any CPU.ActiveCfg = Debug|Any CPU
		{34516C28-4213-4E4D-9AC4-F6726934C317}.Debug|Any CPU.Build.0 = Debug|Any CPU
		{34516C28-4213-4E4D-9AC4-F6726934C317}.Release|Any CPU.ActiveCfg = Release|Any CPU
		{34516C28-4213-4E4D-9AC4-F6726934C317}.Release|Any CPU.Build.0 = Release|Any CPU
	EndGlobalSection
	GlobalSection(SolutionProperties) = preSolution
		HideSolutionNode = FALSE
	EndGlobalSection
	GlobalSection(ExtensibilityGlobals) = postSolution
		SolutionGuid = {C0B2E72F-32E3-4C11-89F1-65D0341186C0}
	EndGlobalSection
EndGlobal
