
Microsoft Visual Studio Solution File, Format Version 12.00
# Visual Studio Version 16
VisualStudioVersion = 16.0.30804.86
MinimumVisualStudioVersion = 10.0.40219.1
Project("{FAE04EC0-301F-11D3-BF4B-00C04F79EFBC}") = "WPF3", "WPF3.csproj", "{0DEC883E-08AD-409E-920C-0DE001A94AD3}"
EndProject
Global
	GlobalSection(SolutionConfigurationPlatforms) = preSolution
		Debug|Any CPU = Debug|Any CPU
		Release|Any CPU = Release|Any CPU
	EndGlobalSection
	GlobalSection(ProjectConfigurationPlatforms) = postSolution
		{0DEC883E-08AD-409E-920C-0DE001A94AD3}.Debug|Any CPU.ActiveCfg = Debug|Any CPU
		{0DEC883E-08AD-409E-920C-0DE001A94AD3}.Debug|Any CPU.Build.0 = Debug|Any CPU
		{0DEC883E-08AD-409E-920C-0DE001A94AD3}.Release|Any CPU.ActiveCfg = Release|Any CPU
		{0DEC883E-08AD-409E-920C-0DE001A94AD3}.Release|Any CPU.Build.0 = Release|Any CPU
	EndGlobalSection
	GlobalSection(SolutionProperties) = preSolution
		HideSolutionNode = FALSE
	EndGlobalSection
	GlobalSection(ExtensibilityGlobals) = postSolution
		SolutionGuid = {D5764608-900D-4273-B1B6-6BEF7504E8A0}
	EndGlobalSection
EndGlobal
